NeoBundleLock neobundle.vim 1306c131ff0a6cc094b7ff0727350e442b5427f1
NeoBundleLock neocomplcache c46106f6b9af0f224a78bba03caed73e1ddebebc
NeoBundleLock neosnippet 355c5b7790947c901837d6abaa4209bd629e2b0f
NeoBundleLock neosnippet-snippets 725c989f18e9c134cddd63a7c6b15bed5c244657
NeoBundleLock nerdtree fc85a6f07c2cd694be93496ffad75be126240068
